# THIS IS AN AUTOGENERATED FILE. DO NOT EDIT THIS FILE DIRECTLY.
# yarn lockfile v1


"@babel/helper-plugin-utils@^7.8.0":
  version "7.22.5"
  resolved "https://registry.yarnpkg.com/@babel/helper-plugin-utils/-/helper-plugin-utils-7.22.5.tgz#dd7ee3735e8a313b9f7b05a773d892e88e6d7295"
  integrity sha512-uLls06UVKgFG9QD4OeFYLEGteMIAa5kpTPcFL28yuCIIzsf6ZyKZMllKVOCZFhiZ5ptnwX4mtKdWCBE/uT4amg==

"@babel/plugin-syntax-object-rest-spread@^7.8.3":
  version "7.8.3"
  resolved "https://registry.yarnpkg.com/@babel/plugin-syntax-object-rest-spread/-/plugin-syntax-object-rest-spread-7.8.3.tgz#60e225edcbd98a640332a2e72dd3e66f1af55871"
  integrity sha512-XoqMijGZb9y3y2XskN+P1wUGiVwWZ5JmoDRwx5+3GmEplNyVM2s2Dg8ILFQm8rWM48orGy5YpI5Bl8U1y7ydlA==
  dependencies:
    "@babel/helper-plugin-utils" "^7.8.0"

"@testing-library/jest-dom@link:../node_modules/@testing-library/jest-dom":
  version "0.0.0"
  uid ""

"@testing-library/react@link:../node_modules/@testing-library/react":
  version "0.0.0"
  uid ""

"@testing-library/user-event@link:../node_modules/@testing-library/user-event":
  version "0.0.0"
  uid ""

"@types/jest@link:../node_modules/@types/jest":
  version "0.0.0"
  uid ""

"@types/node@link:../node_modules/@types/node":
  version "0.0.0"
  uid ""

"@types/react-dom@link:../node_modules/@types/react-dom":
  version "0.0.0"
  uid ""

"@types/react@link:../node_modules/@types/react":
  version "0.0.0"
  uid ""

"react-dom@link:../node_modules/react-dom":
  version "0.0.0"
  uid ""

"react-modal-stack-navigator@link:..":
  version "0.0.0"
  uid ""

"react-scripts@link:../node_modules/react-scripts":
  version "0.0.0"
  uid ""

"react@link:../node_modules/react":
  version "0.0.0"
  uid ""

typescript@^5.3.3:
  version "5.3.3"
  resolved "https://registry.yarnpkg.com/typescript/-/typescript-5.3.3.tgz#b3ce6ba258e72e6305ba66f5c9b452aaee3ffe37"
  integrity sha512-pXWcraxM0uxAS+tN0AG/BF2TyqmHO014Z070UsJ+pFvYuRSq8KH8DmWpnbXe0pEPDHXZV3FcAbJkijJ5oNEnWw==
